{
  "name": "react-native-essentials",
  "version": "0.0.1",
  "lockfileVersion": 3,
  "requires": true,
  "packages": {
    "": {
      "name": "react-native-essentials",
      "version": "0.0.1",
      "license": "MIT",
      "devDependencies": {
        "json-concat": "^0.0.1"
      },
      "engines": {
        "vscode": "^1.30.0"
      }
    },
    "node_modules/json-concat": {
      "version": "0.0.1",
      "resolved": "https://registry.npmjs.org/json-concat/-/json-concat-0.0.1.tgz",
      "integrity": "sha512-clK755bwGKlpRESYivScHgyaMV+aChahmbywnpACF8CEECgtXFAh9dWuym7h0FwlyawjldN80uEXf9BcxeKVPA==",
      "dev": true,
      "license": "MIT",
      "bin": {
        "json-concat": "bin/json-concat"
      }
    }
  }
}
